
Microsoft Visual Studio Solution File, Format Version 12.00
# Visual Studio Version 16
VisualStudioVersion = 16.0.29424.173
MinimumVisualStudioVersion = 10.0.40219.1
Project("{9A19103F-16F7-4668-BE54-9A1E7A4F7556}") = "MV.Shell", "MV.Shell\MV.Shell.csproj", "{F337CB30-70CF-4965-A726-13A5928B1E33}"
	ProjectSection(ProjectDependencies) = postProject
		{42753803-75B7-4EC5-B0CF-18318BEB23DE} = {42753803-75B7-4EC5-B0CF-18318BEB23DE}
		{BD515522-2DF2-4062-8129-F1AB3915F9CA} = {BD515522-2DF2-4062-8129-F1AB3915F9CA}
		{F5B18CE0-1A8A-415A-A5CC-A5818F0EA036} = {F5B18CE0-1A8A-415A-A5CC-A5818F0EA036}
		{44E627F4-F353-403D-BD47-6D019A50E28A} = {44E627F4-F353-403D-BD47-6D019A50E28A}
	EndProjectSection
EndProject
Project("{9A19103F-16F7-4668-BE54-9A1E7A4F7556}") = "MV.Core", "MV.Core\MV.Core.csproj", "{42753803-75B7-4EC5-B0CF-18318BEB23DE}"
EndProject
Project("{9A19103F-16F7-4668-BE54-9A1E7A4F7556}") = "MV.UI", "MV.UI\MV.UI.csproj", "{F5B18CE0-1A8A-415A-A5CC-A5818F0EA036}"
EndProject
Project("{9A19103F-16F7-4668-BE54-9A1E7A4F7556}") = "MV.Resources", "MV.Resources\MV.Resources.csproj", "{BD515522-2DF2-4062-8129-F1AB3915F9CA}"
EndProject
Project("{9A19103F-16F7-4668-BE54-9A1E7A4F7556}") = "MV.Controls", "MV.Controls\MV.Controls.csproj", "{44E627F4-F353-403D-BD47-6D019A50E28A}"
EndProject
Project("{2150E333-8FDC-42A3-9474-1A3956D46DE8}") = "Modules", "Modules", "{DA3A0E24-F310-42DF-89C1-B0DFFEF3CF5E}"
EndProject
Project("{9A19103F-16F7-4668-BE54-9A1E7A4F7556}") = "MV.Authentication", "MV.Authentication\MV.Authentication.csproj", "{420047EF-BD05-405D-A07E-ECEC939C51C8}"
EndProject
Project("{2150E333-8FDC-42A3-9474-1A3956D46DE8}") = "Solution Items", "Solution Items", "{CA60F05B-C91E-4CF5-8C59-939D90050ACF}"
	ProjectSection(SolutionItems) = preProject
		.editorconfig = .editorconfig
	EndProjectSection
EndProject
Project("{9A19103F-16F7-4668-BE54-9A1E7A4F7556}") = "DataService", "DataService\DataService.csproj", "{247277A5-C970-4495-A45A-9A7936E7B5AB}"
EndProject
Project("{9A19103F-16F7-4668-BE54-9A1E7A4F7556}") = "GateWay", "GateWay\GateWay.csproj", "{18F1A8C4-0BE5-4528-9B8E-2EBC157DB31B}"
EndProject
Project("{9A19103F-16F7-4668-BE54-9A1E7A4F7556}") = "ModbusDriver", "ModbusDriver\ModbusDriver.csproj", "{B1A266FB-B143-4D60-B77B-CAFF37372DEC}"
EndProject
Project("{2150E333-8FDC-42A3-9474-1A3956D46DE8}") = "Drivers", "Drivers", "{D2DB5732-3541-4F2C-88A0-1032B3C46483}"
EndProject
Project("{9A19103F-16F7-4668-BE54-9A1E7A4F7556}") = "OmronDriver", "OmronDriver\OmronDriver.csproj", "{B1EA14D1-6F82-436D-8D84-1C2DA55FE303}"
EndProject
Project("{9A19103F-16F7-4668-BE54-9A1E7A4F7556}") = "CommonDriver", "CommonDriver\CommonDriver.csproj", "{36EEE9A2-A909-45D5-9B0F-9A59151FFC9F}"
EndProject
Project("{9A19103F-16F7-4668-BE54-9A1E7A4F7556}") = "Communication", "Communication\Communication.csproj", "{29A0D84A-9DCB-43AB-A05D-1D0DEC121B1A}"
EndProject
Project("{9A19103F-16F7-4668-BE54-9A1E7A4F7556}") = "Mv.Modules.P99", "Mv.Modules.P99\Mv.Modules.P99.csproj", "{BAF9937A-F36B-44FD-A5A2-A0E4E6DE28CF}"
EndProject
Project("{9A19103F-16F7-4668-BE54-9A1E7A4F7556}") = "Mv.Modules.P99.Hive", "Mv.Modules.P99.Hive\Mv.Modules.P99.Hive.csproj", "{C87626F6-39B9-40FE-961D-429C8E2C92CA}"
EndProject
Global
	GlobalSection(SolutionConfigurationPlatforms) = preSolution
		Debug|Any CPU = Debug|Any CPU
		Debug|Itanium = Debug|Itanium
		Debug|x64 = Debug|x64
		Debug|x86 = Debug|x86
		Release|Any CPU = Release|Any CPU
		Release|Itanium = Release|Itanium
		Release|x64 = Release|x64
		Release|x86 = Release|x86
	EndGlobalSection
	GlobalSection(ProjectConfigurationPlatforms) = postSolution
		{F337CB30-70CF-4965-A726-13A5928B1E33}.Debug|Any CPU.ActiveCfg = Debug|Any CPU
		{F337CB30-70CF-4965-A726-13A5928B1E33}.Debug|Any CPU.Build.0 = Debug|Any CPU
		{F337CB30-70CF-4965-A726-13A5928B1E33}.Debug|Itanium.ActiveCfg = Debug|Any CPU
		{F337CB30-70CF-4965-A726-13A5928B1E33}.Debug|Itanium.Build.0 = Debug|Any CPU
		{F337CB30-70CF-4965-A726-13A5928B1E33}.Debug|x64.ActiveCfg = Debug|Any CPU
		{F337CB30-70CF-4965-A726-13A5928B1E33}.Debug|x64.Build.0 = Debug|Any CPU
		{F337CB30-70CF-4965-A726-13A5928B1E33}.Debug|x86.ActiveCfg = Debug|x86
		{F337CB30-70CF-4965-A726-13A5928B1E33}.Debug|x86.Build.0 = Debug|x86
		{F337CB30-70CF-4965-A726-13A5928B1E33}.Release|Any CPU.ActiveCfg = Release|Any CPU
		{F337CB30-70CF-4965-A726-13A5928B1E33}.Release|Any CPU.Build.0 = Release|Any CPU
		{F337CB30-70CF-4965-A726-13A5928B1E33}.Release|Itanium.ActiveCfg = Release|Any CPU
		{F337CB30-70CF-4965-A726-13A5928B1E33}.Release|Itanium.Build.0 = Release|Any CPU
		{F337CB30-70CF-4965-A726-13A5928B1E33}.Release|x64.ActiveCfg = Release|Any CPU
		{F337CB30-70CF-4965-A726-13A5928B1E33}.Release|x64.Build.0 = Release|Any CPU
		{F337CB30-70CF-4965-A726-13A5928B1E33}.Release|x86.ActiveCfg = Release|x86
		{F337CB30-70CF-4965-A726-13A5928B1E33}.Release|x86.Build.0 = Release|x86
		{42753803-75B7-4EC5-B0CF-18318BEB23DE}.Debug|Any CPU.ActiveCfg = Debug|Any CPU
		{42753803-75B7-4EC5-B0CF-18318BEB23DE}.Debug|Any CPU.Build.0 = Debug|Any CPU
		{42753803-75B7-4EC5-B0CF-18318BEB23DE}.Debug|Itanium.ActiveCfg = Debug|Any CPU
		{42753803-75B7-4EC5-B0CF-18318BEB23DE}.Debug|Itanium.Build.0 = Debug|Any CPU
		{42753803-75B7-4EC5-B0CF-18318BEB23DE}.Debug|x64.ActiveCfg = Debug|Any CPU
		{42753803-75B7-4EC5-B0CF-18318BEB23DE}.Debug|x64.Build.0 = Debug|Any CPU
		{42753803-75B7-4EC5-B0CF-18318BEB23DE}.Debug|x86.ActiveCfg = Debug|x86
		{42753803-75B7-4EC5-B0CF-18318BEB23DE}.Debug|x86.Build.0 = Debug|x86
		{42753803-75B7-4EC5-B0CF-18318BEB23DE}.Release|Any CPU.ActiveCfg = Release|Any CPU
		{42753803-75B7-4EC5-B0CF-18318BEB23DE}.Release|Any CPU.Build.0 = Release|Any CPU
		{42753803-75B7-4EC5-B0CF-18318BEB23DE}.Release|Itanium.ActiveCfg = Release|Any CPU
		{42753803-75B7-4EC5-B0CF-18318BEB23DE}.Release|Itanium.Build.0 = Release|Any CPU
		{42753803-75B7-4EC5-B0CF-18318BEB23DE}.Release|x64.ActiveCfg = Release|Any CPU
		{42753803-75B7-4EC5-B0CF-18318BEB23DE}.Release|x64.Build.0 = Release|Any CPU
		{42753803-75B7-4EC5-B0CF-18318BEB23DE}.Release|x86.ActiveCfg = Release|x86
		{42753803-75B7-4EC5-B0CF-18318BEB23DE}.Release|x86.Build.0 = Release|x86
		{F5B18CE0-1A8A-415A-A5CC-A5818F0EA036}.Debug|Any CPU.ActiveCfg = Debug|Any CPU
		{F5B18CE0-1A8A-415A-A5CC-A5818F0EA036}.Debug|Any CPU.Build.0 = Debug|Any CPU
		{F5B18CE0-1A8A-415A-A5CC-A5818F0EA036}.Debug|Itanium.ActiveCfg = Debug|Any CPU
		{F5B18CE0-1A8A-415A-A5CC-A5818F0EA036}.Debug|Itanium.Build.0 = Debug|Any CPU
		{F5B18CE0-1A8A-415A-A5CC-A5818F0EA036}.Debug|x64.ActiveCfg = Debug|Any CPU
		{F5B18CE0-1A8A-415A-A5CC-A5818F0EA036}.Debug|x64.Build.0 = Debug|Any CPU
		{F5B18CE0-1A8A-415A-A5CC-A5818F0EA036}.Debug|x86.ActiveCfg = Debug|x86
		{F5B18CE0-1A8A-415A-A5CC-A5818F0EA036}.Debug|x86.Build.0 = Debug|x86
		{F5B18CE0-1A8A-415A-A5CC-A5818F0EA036}.Release|Any CPU.ActiveCfg = Release|Any CPU
		{F5B18CE0-1A8A-415A-A5CC-A5818F0EA036}.Release|Any CPU.Build.0 = Release|Any CPU
		{F5B18CE0-1A8A-415A-A5CC-A5818F0EA036}.Release|Itanium.ActiveCfg = Release|Any CPU
		{F5B18CE0-1A8A-415A-A5CC-A5818F0EA036}.Release|Itanium.Build.0 = Release|Any CPU
		{F5B18CE0-1A8A-415A-A5CC-A5818F0EA036}.Release|x64.ActiveCfg = Release|Any CPU
		{F5B18CE0-1A8A-415A-A5CC-A5818F0EA036}.Release|x64.Build.0 = Release|Any CPU
		{F5B18CE0-1A8A-415A-A5CC-A5818F0EA036}.Release|x86.ActiveCfg = Release|x86
		{F5B18CE0-1A8A-415A-A5CC-A5818F0EA036}.Release|x86.Build.0 = Release|x86
		{BD515522-2DF2-4062-8129-F1AB3915F9CA}.Debug|Any CPU.ActiveCfg = Debug|Any CPU
		{BD515522-2DF2-4062-8129-F1AB3915F9CA}.Debug|Any CPU.Build.0 = Debug|Any CPU
		{BD515522-2DF2-4062-8129-F1AB3915F9CA}.Debug|Itanium.ActiveCfg = Debug|Any CPU
		{BD515522-2DF2-4062-8129-F1AB3915F9CA}.Debug|Itanium.Build.0 = Debug|Any CPU
		{BD515522-2DF2-4062-8129-F1AB3915F9CA}.Debug|x64.ActiveCfg = Debug|Any CPU
		{BD515522-2DF2-4062-8129-F1AB3915F9CA}.Debug|x64.Build.0 = Debug|Any CPU
		{BD515522-2DF2-4062-8129-F1AB3915F9CA}.Debug|x86.ActiveCfg = Debug|x86
		{BD515522-2DF2-4062-8129-F1AB3915F9CA}.Debug|x86.Build.0 = Debug|x86
		{BD515522-2DF2-4062-8129-F1AB3915F9CA}.Release|Any CPU.ActiveCfg = Release|Any CPU
		{BD515522-2DF2-4062-8129-F1AB3915F9CA}.Release|Any CPU.Build.0 = Release|Any CPU
		{BD515522-2DF2-4062-8129-F1AB3915F9CA}.Release|Itanium.ActiveCfg = Release|Any CPU
		{BD515522-2DF2-4062-8129-F1AB3915F9CA}.Release|Itanium.Build.0 = Release|Any CPU
		{BD515522-2DF2-4062-8129-F1AB3915F9CA}.Release|x64.ActiveCfg = Release|Any CPU
		{BD515522-2DF2-4062-8129-F1AB3915F9CA}.Release|x64.Build.0 = Release|Any CPU
		{BD515522-2DF2-4062-8129-F1AB3915F9CA}.Release|x86.ActiveCfg = Release|x86
		{BD515522-2DF2-4062-8129-F1AB3915F9CA}.Release|x86.Build.0 = Release|x86
		{44E627F4-F353-403D-BD47-6D019A50E28A}.Debug|Any CPU.ActiveCfg = Debug|Any CPU
		{44E627F4-F353-403D-BD47-6D019A50E28A}.Debug|Any CPU.Build.0 = Debug|Any CPU
		{44E627F4-F353-403D-BD47-6D019A50E28A}.Debug|Itanium.ActiveCfg = Debug|Any CPU
		{44E627F4-F353-403D-BD47-6D019A50E28A}.Debug|Itanium.Build.0 = Debug|Any CPU
		{44E627F4-F353-403D-BD47-6D019A50E28A}.Debug|x64.ActiveCfg = Debug|Any CPU
		{44E627F4-F353-403D-BD47-6D019A50E28A}.Debug|x64.Build.0 = Debug|Any CPU
		{44E627F4-F353-403D-BD47-6D019A50E28A}.Debug|x86.ActiveCfg = Debug|x86
		{44E627F4-F353-403D-BD47-6D019A50E28A}.Debug|x86.Build.0 = Debug|x86
		{44E627F4-F353-403D-BD47-6D019A50E28A}.Release|Any CPU.ActiveCfg = Release|Any CPU
		{44E627F4-F353-403D-BD47-6D019A50E28A}.Release|Any CPU.Build.0 = Release|Any CPU
		{44E627F4-F353-403D-BD47-6D019A50E28A}.Release|Itanium.ActiveCfg = Release|Any CPU
		{44E627F4-F353-403D-BD47-6D019A50E28A}.Release|Itanium.Build.0 = Release|Any CPU
		{44E627F4-F353-403D-BD47-6D019A50E28A}.Release|x64.ActiveCfg = Release|Any CPU
		{44E627F4-F353-403D-BD47-6D019A50E28A}.Release|x64.Build.0 = Release|Any CPU
		{44E627F4-F353-403D-BD47-6D019A50E28A}.Release|x86.ActiveCfg = Release|x86
		{44E627F4-F353-403D-BD47-6D019A50E28A}.Release|x86.Build.0 = Release|x86
		{420047EF-BD05-405D-A07E-ECEC939C51C8}.Debug|Any CPU.ActiveCfg = Debug|Any CPU
		{420047EF-BD05-405D-A07E-ECEC939C51C8}.Debug|Any CPU.Build.0 = Debug|Any CPU
		{420047EF-BD05-405D-A07E-ECEC939C51C8}.Debug|Itanium.ActiveCfg = Debug|Any CPU
		{420047EF-BD05-405D-A07E-ECEC939C51C8}.Debug|Itanium.Build.0 = Debug|Any CPU
		{420047EF-BD05-405D-A07E-ECEC939C51C8}.Debug|x64.ActiveCfg = Debug|Any CPU
		{420047EF-BD05-405D-A07E-ECEC939C51C8}.Debug|x64.Build.0 = Debug|Any CPU
		{420047EF-BD05-405D-A07E-ECEC939C51C8}.Debug|x86.ActiveCfg = Debug|x86
		{420047EF-BD05-405D-A07E-ECEC939C51C8}.Debug|x86.Build.0 = Debug|x86
		{420047EF-BD05-405D-A07E-ECEC939C51C8}.Release|Any CPU.ActiveCfg = Release|Any CPU
		{420047EF-BD05-405D-A07E-ECEC939C51C8}.Release|Any CPU.Build.0 = Release|Any CPU
		{420047EF-BD05-405D-A07E-ECEC939C51C8}.Release|Itanium.ActiveCfg = Release|Any CPU
		{420047EF-BD05-405D-A07E-ECEC939C51C8}.Release|Itanium.Build.0 = Release|Any CPU
		{420047EF-BD05-405D-A07E-ECEC939C51C8}.Release|x64.ActiveCfg = Release|Any CPU
		{420047EF-BD05-405D-A07E-ECEC939C51C8}.Release|x64.Build.0 = Release|Any CPU
		{420047EF-BD05-405D-A07E-ECEC939C51C8}.Release|x86.ActiveCfg = Release|x86
		{420047EF-BD05-405D-A07E-ECEC939C51C8}.Release|x86.Build.0 = Release|x86
		{247277A5-C970-4495-A45A-9A7936E7B5AB}.Debug|Any CPU.ActiveCfg = Debug|Any CPU
		{247277A5-C970-4495-A45A-9A7936E7B5AB}.Debug|Any CPU.Build.0 = Debug|Any CPU
		{247277A5-C970-4495-A45A-9A7936E7B5AB}.Debug|Itanium.ActiveCfg = Debug|Any CPU
		{247277A5-C970-4495-A45A-9A7936E7B5AB}.Debug|Itanium.Build.0 = Debug|Any CPU
		{247277A5-C970-4495-A45A-9A7936E7B5AB}.Debug|x64.ActiveCfg = Debug|Any CPU
		{247277A5-C970-4495-A45A-9A7936E7B5AB}.Debug|x64.Build.0 = Debug|Any CPU
		{247277A5-C970-4495-A45A-9A7936E7B5AB}.Debug|x86.ActiveCfg = Debug|Any CPU
		{247277A5-C970-4495-A45A-9A7936E7B5AB}.Debug|x86.Build.0 = Debug|Any CPU
		{247277A5-C970-4495-A45A-9A7936E7B5AB}.Release|Any CPU.ActiveCfg = Release|Any CPU
		{247277A5-C970-4495-A45A-9A7936E7B5AB}.Release|Any CPU.Build.0 = Release|Any CPU
		{247277A5-C970-4495-A45A-9A7936E7B5AB}.Release|Itanium.ActiveCfg = Release|Any CPU
		{247277A5-C970-4495-A45A-9A7936E7B5AB}.Release|Itanium.Build.0 = Release|Any CPU
		{247277A5-C970-4495-A45A-9A7936E7B5AB}.Release|x64.ActiveCfg = Release|Any CPU
		{247277A5-C970-4495-A45A-9A7936E7B5AB}.Release|x64.Build.0 = Release|Any CPU
		{247277A5-C970-4495-A45A-9A7936E7B5AB}.Release|x86.ActiveCfg = Release|Any CPU
		{247277A5-C970-4495-A45A-9A7936E7B5AB}.Release|x86.Build.0 = Release|Any CPU
		{18F1A8C4-0BE5-4528-9B8E-2EBC157DB31B}.Debug|Any CPU.ActiveCfg = Debug|Any CPU
		{18F1A8C4-0BE5-4528-9B8E-2EBC157DB31B}.Debug|Any CPU.Build.0 = Debug|Any CPU
		{18F1A8C4-0BE5-4528-9B8E-2EBC157DB31B}.Debug|Itanium.ActiveCfg = Debug|Any CPU
		{18F1A8C4-0BE5-4528-9B8E-2EBC157DB31B}.Debug|Itanium.Build.0 = Debug|Any CPU
		{18F1A8C4-0BE5-4528-9B8E-2EBC157DB31B}.Debug|x64.ActiveCfg = Debug|Any CPU
		{18F1A8C4-0BE5-4528-9B8E-2EBC157DB31B}.Debug|x64.Build.0 = Debug|Any CPU
		{18F1A8C4-0BE5-4528-9B8E-2EBC157DB31B}.Debug|x86.ActiveCfg = Debug|Any CPU
		{18F1A8C4-0BE5-4528-9B8E-2EBC157DB31B}.Debug|x86.Build.0 = Debug|Any CPU
		{18F1A8C4-0BE5-4528-9B8E-2EBC157DB31B}.Release|Any CPU.ActiveCfg = Release|Any CPU
		{18F1A8C4-0BE5-4528-9B8E-2EBC157DB31B}.Release|Any CPU.Build.0 = Release|Any CPU
		{18F1A8C4-0BE5-4528-9B8E-2EBC157DB31B}.Release|Itanium.ActiveCfg = Release|Any CPU
		{18F1A8C4-0BE5-4528-9B8E-2EBC157DB31B}.Release|Itanium.Build.0 = Release|Any CPU
		{18F1A8C4-0BE5-4528-9B8E-2EBC157DB31B}.Release|x64.ActiveCfg = Release|Any CPU
		{18F1A8C4-0BE5-4528-9B8E-2EBC157DB31B}.Release|x64.Build.0 = Release|Any CPU
		{18F1A8C4-0BE5-4528-9B8E-2EBC157DB31B}.Release|x86.ActiveCfg = Release|Any CPU
		{18F1A8C4-0BE5-4528-9B8E-2EBC157DB31B}.Release|x86.Build.0 = Release|Any CPU
		{B1A266FB-B143-4D60-B77B-CAFF37372DEC}.Debug|Any CPU.ActiveCfg = Debug|Any CPU
		{B1A266FB-B143-4D60-B77B-CAFF37372DEC}.Debug|Any CPU.Build.0 = Debug|Any CPU
		{B1A266FB-B143-4D60-B77B-CAFF37372DEC}.Debug|Itanium.ActiveCfg = Debug|Any CPU
		{B1A266FB-B143-4D60-B77B-CAFF37372DEC}.Debug|Itanium.Build.0 = Debug|Any CPU
		{B1A266FB-B143-4D60-B77B-CAFF37372DEC}.Debug|x64.ActiveCfg = Debug|Any CPU
		{B1A266FB-B143-4D60-B77B-CAFF37372DEC}.Debug|x64.Build.0 = Debug|Any CPU
		{B1A266FB-B143-4D60-B77B-CAFF37372DEC}.Debug|x86.ActiveCfg = Debug|Any CPU
		{B1A266FB-B143-4D60-B77B-CAFF37372DEC}.Debug|x86.Build.0 = Debug|Any CPU
		{B1A266FB-B143-4D60-B77B-CAFF37372DEC}.Release|Any CPU.ActiveCfg = Release|Any CPU
		{B1A266FB-B143-4D60-B77B-CAFF37372DEC}.Release|Any CPU.Build.0 = Release|Any CPU
		{B1A266FB-B143-4D60-B77B-CAFF37372DEC}.Release|Itanium.ActiveCfg = Release|Any CPU
		{B1A266FB-B143-4D60-B77B-CAFF37372DEC}.Release|Itanium.Build.0 = Release|Any CPU
		{B1A266FB-B143-4D60-B77B-CAFF37372DEC}.Release|x64.ActiveCfg = Release|Any CPU
		{B1A266FB-B143-4D60-B77B-CAFF37372DEC}.Release|x64.Build.0 = Release|Any CPU
		{B1A266FB-B143-4D60-B77B-CAFF37372DEC}.Release|x86.ActiveCfg = Release|Any CPU
		{B1A266FB-B143-4D60-B77B-CAFF37372DEC}.Release|x86.Build.0 = Release|Any CPU
		{B1EA14D1-6F82-436D-8D84-1C2DA55FE303}.Debug|Any CPU.ActiveCfg = Debug|Any CPU
		{B1EA14D1-6F82-436D-8D84-1C2DA55FE303}.Debug|Any CPU.Build.0 = Debug|Any CPU
		{B1EA14D1-6F82-436D-8D84-1C2DA55FE303}.Debug|Itanium.ActiveCfg = Debug|Any CPU
		{B1EA14D1-6F82-436D-8D84-1C2DA55FE303}.Debug|x64.ActiveCfg = Debug|Any CPU
		{B1EA14D1-6F82-436D-8D84-1C2DA55FE303}.Debug|x86.ActiveCfg = Debug|Any CPU
		{B1EA14D1-6F82-436D-8D84-1C2DA55FE303}.Debug|x86.Build.0 = Debug|Any CPU
		{B1EA14D1-6F82-436D-8D84-1C2DA55FE303}.Release|Any CPU.ActiveCfg = Release|Any CPU
		{B1EA14D1-6F82-436D-8D84-1C2DA55FE303}.Release|Any CPU.Build.0 = Release|Any CPU
		{B1EA14D1-6F82-436D-8D84-1C2DA55FE303}.Release|Itanium.ActiveCfg = Release|Any CPU
		{B1EA14D1-6F82-436D-8D84-1C2DA55FE303}.Release|x64.ActiveCfg = Release|Any CPU
		{B1EA14D1-6F82-436D-8D84-1C2DA55FE303}.Release|x86.ActiveCfg = Release|Any CPU
		{B1EA14D1-6F82-436D-8D84-1C2DA55FE303}.Release|x86.Build.0 = Release|Any CPU
		{36EEE9A2-A909-45D5-9B0F-9A59151FFC9F}.Debug|Any CPU.ActiveCfg = Debug|Any CPU
		{36EEE9A2-A909-45D5-9B0F-9A59151FFC9F}.Debug|Any CPU.Build.0 = Debug|Any CPU
		{36EEE9A2-A909-45D5-9B0F-9A59151FFC9F}.Debug|Itanium.ActiveCfg = Debug|Any CPU
		{36EEE9A2-A909-45D5-9B0F-9A59151FFC9F}.Debug|Itanium.Build.0 = Debug|Any CPU
		{36EEE9A2-A909-45D5-9B0F-9A59151FFC9F}.Debug|x64.ActiveCfg = Debug|Any CPU
		{36EEE9A2-A909-45D5-9B0F-9A59151FFC9F}.Debug|x64.Build.0 = Debug|Any CPU
		{36EEE9A2-A909-45D5-9B0F-9A59151FFC9F}.Debug|x86.ActiveCfg = Debug|x86
		{36EEE9A2-A909-45D5-9B0F-9A59151FFC9F}.Debug|x86.Build.0 = Debug|x86
		{36EEE9A2-A909-45D5-9B0F-9A59151FFC9F}.Release|Any CPU.ActiveCfg = Release|Any CPU
		{36EEE9A2-A909-45D5-9B0F-9A59151FFC9F}.Release|Any CPU.Build.0 = Release|Any CPU
		{36EEE9A2-A909-45D5-9B0F-9A59151FFC9F}.Release|Itanium.ActiveCfg = Release|Any CPU
		{36EEE9A2-A909-45D5-9B0F-9A59151FFC9F}.Release|Itanium.Build.0 = Release|Any CPU
		{36EEE9A2-A909-45D5-9B0F-9A59151FFC9F}.Release|x64.ActiveCfg = Release|Any CPU
		{36EEE9A2-A909-45D5-9B0F-9A59151FFC9F}.Release|x64.Build.0 = Release|Any CPU
		{36EEE9A2-A909-45D5-9B0F-9A59151FFC9F}.Release|x86.ActiveCfg = Release|x86
		{36EEE9A2-A909-45D5-9B0F-9A59151FFC9F}.Release|x86.Build.0 = Release|x86
		{29A0D84A-9DCB-43AB-A05D-1D0DEC121B1A}.Debug|Any CPU.ActiveCfg = Debug|Any CPU
		{29A0D84A-9DCB-43AB-A05D-1D0DEC121B1A}.Debug|Any CPU.Build.0 = Debug|Any CPU
		{29A0D84A-9DCB-43AB-A05D-1D0DEC121B1A}.Debug|Itanium.ActiveCfg = Debug|Any CPU
		{29A0D84A-9DCB-43AB-A05D-1D0DEC121B1A}.Debug|Itanium.Build.0 = Debug|Any CPU
		{29A0D84A-9DCB-43AB-A05D-1D0DEC121B1A}.Debug|x64.ActiveCfg = Debug|Any CPU
		{29A0D84A-9DCB-43AB-A05D-1D0DEC121B1A}.Debug|x64.Build.0 = Debug|Any CPU
		{29A0D84A-9DCB-43AB-A05D-1D0DEC121B1A}.Debug|x86.ActiveCfg = Debug|x86
		{29A0D84A-9DCB-43AB-A05D-1D0DEC121B1A}.Debug|x86.Build.0 = Debug|x86
		{29A0D84A-9DCB-43AB-A05D-1D0DEC121B1A}.Release|Any CPU.ActiveCfg = Release|Any CPU
		{29A0D84A-9DCB-43AB-A05D-1D0DEC121B1A}.Release|Any CPU.Build.0 = Release|Any CPU
		{29A0D84A-9DCB-43AB-A05D-1D0DEC121B1A}.Release|Itanium.ActiveCfg = Release|Any CPU
		{29A0D84A-9DCB-43AB-A05D-1D0DEC121B1A}.Release|Itanium.Build.0 = Release|Any CPU
		{29A0D84A-9DCB-43AB-A05D-1D0DEC121B1A}.Release|x64.ActiveCfg = Release|Any CPU
		{29A0D84A-9DCB-43AB-A05D-1D0DEC121B1A}.Release|x64.Build.0 = Release|Any CPU
		{29A0D84A-9DCB-43AB-A05D-1D0DEC121B1A}.Release|x86.ActiveCfg = Release|x86
		{29A0D84A-9DCB-43AB-A05D-1D0DEC121B1A}.Release|x86.Build.0 = Release|x86
		{BAF9937A-F36B-44FD-A5A2-A0E4E6DE28CF}.Debug|Any CPU.ActiveCfg = Debug|Any CPU
		{BAF9937A-F36B-44FD-A5A2-A0E4E6DE28CF}.Debug|Any CPU.Build.0 = Debug|Any CPU
		{BAF9937A-F36B-44FD-A5A2-A0E4E6DE28CF}.Debug|Itanium.ActiveCfg = Debug|Any CPU
		{BAF9937A-F36B-44FD-A5A2-A0E4E6DE28CF}.Debug|Itanium.Build.0 = Debug|Any CPU
		{BAF9937A-F36B-44FD-A5A2-A0E4E6DE28CF}.Debug|x64.ActiveCfg = Debug|Any CPU
		{BAF9937A-F36B-44FD-A5A2-A0E4E6DE28CF}.Debug|x64.Build.0 = Debug|Any CPU
		{BAF9937A-F36B-44FD-A5A2-A0E4E6DE28CF}.Debug|x86.ActiveCfg = Debug|x86
		{BAF9937A-F36B-44FD-A5A2-A0E4E6DE28CF}.Debug|x86.Build.0 = Debug|x86
		{BAF9937A-F36B-44FD-A5A2-A0E4E6DE28CF}.Release|Any CPU.ActiveCfg = Release|Any CPU
		{BAF9937A-F36B-44FD-A5A2-A0E4E6DE28CF}.Release|Any CPU.Build.0 = Release|Any CPU
		{BAF9937A-F36B-44FD-A5A2-A0E4E6DE28CF}.Release|Itanium.ActiveCfg = Release|Any CPU
		{BAF9937A-F36B-44FD-A5A2-A0E4E6DE28CF}.Release|Itanium.Build.0 = Release|Any CPU
		{BAF9937A-F36B-44FD-A5A2-A0E4E6DE28CF}.Release|x64.ActiveCfg = Release|Any CPU
		{BAF9937A-F36B-44FD-A5A2-A0E4E6DE28CF}.Release|x64.Build.0 = Release|Any CPU
		{BAF9937A-F36B-44FD-A5A2-A0E4E6DE28CF}.Release|x86.ActiveCfg = Release|x86
		{BAF9937A-F36B-44FD-A5A2-A0E4E6DE28CF}.Release|x86.Build.0 = Release|x86
		{C87626F6-39B9-40FE-961D-429C8E2C92CA}.Debug|Any CPU.ActiveCfg = Debug|Any CPU
		{C87626F6-39B9-40FE-961D-429C8E2C92CA}.Debug|Any CPU.Build.0 = Debug|Any CPU
		{C87626F6-39B9-40FE-961D-429C8E2C92CA}.Debug|Itanium.ActiveCfg = Debug|Any CPU
		{C87626F6-39B9-40FE-961D-429C8E2C92CA}.Debug|Itanium.Build.0 = Debug|Any CPU
		{C87626F6-39B9-40FE-961D-429C8E2C92CA}.Debug|x64.ActiveCfg = Debug|Any CPU
		{C87626F6-39B9-40FE-961D-429C8E2C92CA}.Debug|x64.Build.0 = Debug|Any CPU
		{C87626F6-39B9-40FE-961D-429C8E2C92CA}.Debug|x86.ActiveCfg = Debug|Any CPU
		{C87626F6-39B9-40FE-961D-429C8E2C92CA}.Debug|x86.Build.0 = Debug|Any CPU
		{C87626F6-39B9-40FE-961D-429C8E2C92CA}.Release|Any CPU.ActiveCfg = Release|Any CPU
		{C87626F6-39B9-40FE-961D-429C8E2C92CA}.Release|Any CPU.Build.0 = Release|Any CPU
		{C87626F6-39B9-40FE-961D-429C8E2C92CA}.Release|Itanium.ActiveCfg = Release|Any CPU
		{C87626F6-39B9-40FE-961D-429C8E2C92CA}.Release|Itanium.Build.0 = Release|Any CPU
		{C87626F6-39B9-40FE-961D-429C8E2C92CA}.Release|x64.ActiveCfg = Release|Any CPU
		{C87626F6-39B9-40FE-961D-429C8E2C92CA}.Release|x64.Build.0 = Release|Any CPU
		{C87626F6-39B9-40FE-961D-429C8E2C92CA}.Release|x86.ActiveCfg = Release|Any CPU
		{C87626F6-39B9-40FE-961D-429C8E2C92CA}.Release|x86.Build.0 = Release|Any CPU
	EndGlobalSection
	GlobalSection(SolutionProperties) = preSolution
		HideSolutionNode = FALSE
	EndGlobalSection
	GlobalSection(NestedProjects) = preSolution
		{B1A266FB-B143-4D60-B77B-CAFF37372DEC} = {D2DB5732-3541-4F2C-88A0-1032B3C46483}
		{B1EA14D1-6F82-436D-8D84-1C2DA55FE303} = {D2DB5732-3541-4F2C-88A0-1032B3C46483}
		{36EEE9A2-A909-45D5-9B0F-9A59151FFC9F} = {D2DB5732-3541-4F2C-88A0-1032B3C46483}
		{BAF9937A-F36B-44FD-A5A2-A0E4E6DE28CF} = {DA3A0E24-F310-42DF-89C1-B0DFFEF3CF5E}
		{C87626F6-39B9-40FE-961D-429C8E2C92CA} = {DA3A0E24-F310-42DF-89C1-B0DFFEF3CF5E}
	EndGlobalSection
	GlobalSection(ExtensibilityGlobals) = postSolution
		SolutionGuid = {EE969CC2-8FAF-47B4-A4FD-5BB4C369A85C}
	EndGlobalSection
EndGlobal
